
Microsoft Visual Studio Solution File, Format Version 12.00
# Visual Studio Version 16
VisualStudioVersion = 16.0.30114.105
MinimumVisualStudioVersion = 10.0.40219.1
Project("{2150E333-8FDC-42A3-9474-1A3956D46DE8}") = "src", "src", "{5C2FD963-9102-4DFA-B2FA-A49C2450DD33}"
EndProject
Project("{FAE04EC0-301F-11D3-BF4B-00C04F79EFBC}") = "DbConfiguration", "src\DbConfiguration\DbConfiguration.csproj", "{0907D0D2-ADEE-4E4D-8CB1-AB6748CBB8C9}"
EndProject
Project("{FAE04EC0-301F-11D3-BF4B-00C04F79EFBC}") = "DbConfiguration.Tests", "src\DbConfiguration.Tests\DbConfiguration.Tests.csproj", "{9610ACB1-84B7-4356-81CE-6509E464207A}"
EndProject
Global
	GlobalSection(SolutionConfigurationPlatforms) = preSolution
		Debug|Any CPU = Debug|Any CPU
		Release|Any CPU = Release|Any CPU
	EndGlobalSection
	GlobalSection(SolutionProperties) = preSolution
		HideSolutionNode = FALSE
	EndGlobalSection
	GlobalSection(ProjectConfigurationPlatforms) = postSolution
		{0907D0D2-ADEE-4E4D-8CB1-AB6748CBB8C9}.Debug|Any CPU.ActiveCfg = Debug|Any CPU
		{0907D0D2-ADEE-4E4D-8CB1-AB6748CBB8C9}.Debug|Any CPU.Build.0 = Debug|Any CPU
		{0907D0D2-ADEE-4E4D-8CB1-AB6748CBB8C9}.Release|Any CPU.ActiveCfg = Release|Any CPU
		{0907D0D2-ADEE-4E4D-8CB1-AB6748CBB8C9}.Release|Any CPU.Build.0 = Release|Any CPU
		{9610ACB1-84B7-4356-81CE-6509E464207A}.Debug|Any CPU.ActiveCfg = Debug|Any CPU
		{9610ACB1-84B7-4356-81CE-6509E464207A}.Debug|Any CPU.Build.0 = Debug|Any CPU
		{9610ACB1-84B7-4356-81CE-6509E464207A}.Release|Any CPU.ActiveCfg = Release|Any CPU
		{9610ACB1-84B7-4356-81CE-6509E464207A}.Release|Any CPU.Build.0 = Release|Any CPU
	EndGlobalSection
	GlobalSection(NestedProjects) = preSolution
		{0907D0D2-ADEE-4E4D-8CB1-AB6748CBB8C9} = {5C2FD963-9102-4DFA-B2FA-A49C2450DD33}
		{9610ACB1-84B7-4356-81CE-6509E464207A} = {5C2FD963-9102-4DFA-B2FA-A49C2450DD33}
	EndGlobalSection
EndGlobal
